
Microsoft Visual Studio Solution File, Format Version 12.00
# Visual Studio Version 17
VisualStudioVersion = 17.6.33829.357
MinimumVisualStudioVersion = 10.0.40219.1
Project("{FAE04EC0-301F-11D3-BF4B-00C04F79EFBC}") = "Csharp-loginform", "Csharp-loginform.csproj", "{A8DA9ADF-A7D7-490B-ABF0-7371DD1F029C}"
EndProject
Global
	GlobalSection(SolutionConfigurationPlatforms) = preSolution
		Debug|Any CPU = Debug|Any CPU
		Release|Any CPU = Release|Any CPU
	EndGlobalSection
	GlobalSection(ProjectConfigurationPlatforms) = postSolution
		{A8DA9ADF-A7D7-490B-ABF0-7371DD1F029C}.Debug|Any CPU.ActiveCfg = Debug|Any CPU
		{A8DA9ADF-A7D7-490B-ABF0-7371DD1F029C}.Debug|Any CPU.Build.0 = Debug|Any CPU
		{A8DA9ADF-A7D7-490B-ABF0-7371DD1F029C}.Release|Any CPU.ActiveCfg = Release|Any CPU
		{A8DA9ADF-A7D7-490B-ABF0-7371DD1F029C}.Release|Any CPU.Build.0 = Release|Any CPU
	EndGlobalSection
	GlobalSection(SolutionProperties) = preSolution
		HideSolutionNode = FALSE
	EndGlobalSection
	GlobalSection(ExtensibilityGlobals) = postSolution
		SolutionGuid = {06F03C5A-7F45-4BFF-8C78-E1F00BF280EF}
	EndGlobalSection
EndGlobal
